
Microsoft Visual Studio Solution File, Format Version 12.00
# Visual Studio Version 16
VisualStudioVersion = 16.0.31702.278
MinimumVisualStudioVersion = 10.0.40219.1
Project("{FAE04EC0-301F-11D3-BF4B-00C04F79EFBC}") = "WebServices", "WebServices\WebServices.csproj", "{94335FE1-51A5-41FC-B473-D9BAC287B7A2}"
EndProject
Global
	GlobalSection(SolutionConfigurationPlatforms) = preSolution
		Debug|Any CPU = Debug|Any CPU
		Release|Any CPU = Release|Any CPU
	EndGlobalSection
	GlobalSection(ProjectConfigurationPlatforms) = postSolution
		{94335FE1-51A5-41FC-B473-D9BAC287B7A2}.Debug|Any CPU.ActiveCfg = Debug|Any CPU
		{94335FE1-51A5-41FC-B473-D9BAC287B7A2}.Debug|Any CPU.Build.0 = Debug|Any CPU
		{94335FE1-51A5-41FC-B473-D9BAC287B7A2}.Release|Any CPU.ActiveCfg = Release|Any CPU
		{94335FE1-51A5-41FC-B473-D9BAC287B7A2}.Release|Any CPU.Build.0 = Release|Any CPU
	EndGlobalSection
	GlobalSection(SolutionProperties) = preSolution
		HideSolutionNode = FALSE
	EndGlobalSection
	GlobalSection(ExtensibilityGlobals) = postSolution
		SolutionGuid = {3E1A1F04-426E-4224-891D-B9277EB7BECB}
	EndGlobalSection
	GlobalSection(TeamFoundationVersionControl) = preSolution
		SccNumberOfProjects = 2
		SccEnterpriseProvider = {4CA58AB2-18FA-4F8D-95D4-32DDF27D184C}
		SccTeamFoundationServer = http://artfs:8080/tfs/arcelikcollection
		SccLocalPath0 = .
		SccProjectUniqueName1 = WebServices\\WebServices.csproj
		SccProjectName1 = WebServices
		SccLocalPath1 = WebServices
	EndGlobalSection
EndGlobal
